
Microsoft Visual Studio Solution File, Format Version 12.00
# Visual Studio Version 16
VisualStudioVersion = 16.0.30114.105
MinimumVisualStudioVersion = 10.0.40219.1
Project("{2150E333-8FDC-42A3-9474-1A3956D46DE8}") = "src", "src", "{02F9187E-7836-49D6-BBDE-F6CED02B6FF2}"
EndProject
Project("{FAE04EC0-301F-11D3-BF4B-00C04F79EFBC}") = "MoveVirtual.LaMetric.Api", "src\MoveVirtual.LaMetric.Api\MoveVirtual.LaMetric.Api.csproj", "{B9433954-8563-404C-91F9-9193E0CE6F3A}"
EndProject
Global
	GlobalSection(SolutionConfigurationPlatforms) = preSolution
		Debug|Any CPU = Debug|Any CPU
		Release|Any CPU = Release|Any CPU
	EndGlobalSection
	GlobalSection(SolutionProperties) = preSolution
		HideSolutionNode = FALSE
	EndGlobalSection
	GlobalSection(ProjectConfigurationPlatforms) = postSolution
		{B9433954-8563-404C-91F9-9193E0CE6F3A}.Debug|Any CPU.ActiveCfg = Debug|Any CPU
		{B9433954-8563-404C-91F9-9193E0CE6F3A}.Debug|Any CPU.Build.0 = Debug|Any CPU
		{B9433954-8563-404C-91F9-9193E0CE6F3A}.Release|Any CPU.ActiveCfg = Release|Any CPU
		{B9433954-8563-404C-91F9-9193E0CE6F3A}.Release|Any CPU.Build.0 = Release|Any CPU
	EndGlobalSection
	GlobalSection(NestedProjects) = preSolution
		{B9433954-8563-404C-91F9-9193E0CE6F3A} = {02F9187E-7836-49D6-BBDE-F6CED02B6FF2}
	EndGlobalSection
EndGlobal
